
Microsoft Visual Studio Solution File, Format Version 12.00
# Visual Studio Version 17
VisualStudioVersion = 17.6.33815.320
MinimumVisualStudioVersion = 10.0.40219.1
Project("{FAE04EC0-301F-11D3-BF4B-00C04F79EFBC}") = "sqlapp", "sqlapp\sqlapp.csproj", "{5F966D31-9C62-4B32-97C8-511DB4D68702}"
EndProject
Global
	GlobalSection(SolutionConfigurationPlatforms) = preSolution
		Debug|Any CPU = Debug|Any CPU
		Release|Any CPU = Release|Any CPU
	EndGlobalSection
	GlobalSection(ProjectConfigurationPlatforms) = postSolution
		{5F966D31-9C62-4B32-97C8-511DB4D68702}.Debug|Any CPU.ActiveCfg = Debug|Any CPU
		{5F966D31-9C62-4B32-97C8-511DB4D68702}.Debug|Any CPU.Build.0 = Debug|Any CPU
		{5F966D31-9C62-4B32-97C8-511DB4D68702}.Release|Any CPU.ActiveCfg = Release|Any CPU
		{5F966D31-9C62-4B32-97C8-511DB4D68702}.Release|Any CPU.Build.0 = Release|Any CPU
	EndGlobalSection
	GlobalSection(SolutionProperties) = preSolution
		HideSolutionNode = FALSE
	EndGlobalSection
	GlobalSection(ExtensibilityGlobals) = postSolution
		SolutionGuid = {14B31A18-7D91-4EA1-9F94-C75B6C5ACA97}
	EndGlobalSection
EndGlobal
